// !$*UTF8*$!
{
	archiveVersion = 1;
	classes = {
	};
	objectVersion = 55;
	objects = {

/* Begin PBXBuildFile section */
		6BA43A2F2889A43200D1A4DD /* AppDelegate.swift in Sources */ = {isa = PBXBuildFile; fileRef = 6BA43A2E2889A43200D1A4DD /* AppDelegate.swift */; };
		6BA43A332889A43200D1A4DD /* CarListViewController.swift in Sources */ = {isa = PBXBuildFile; fileRef = 6BA43A322889A43200D1A4DD /* CarListViewController.swift */; };
		6BA43A362889A43200D1A4DD /* CarListViewController.storyboard in Resources */ = {isa = PBXBuildFile; fileRef = 6BA43A342889A43200D1A4DD /* CarListViewController.storyboard */; };
		6BA43A382889A43400D1A4DD /* Assets.xcassets in Resources */ = {isa = PBXBuildFile; fileRef = 6BA43A372889A43400D1A4DD /* Assets.xcassets */; };
		6BA43A3B2889A43400D1A4DD /* LaunchScreen.storyboard in Resources */ = {isa = PBXBuildFile; fileRef = 6BA43A392889A43400D1A4DD /* LaunchScreen.storyboard */; };
		6BA43A4A2889ABF200D1A4DD /* Constants.swift in Sources */ = {isa = PBXBuildFile; fileRef = 6BA43A492889ABF200D1A4DD /* Constants.swift */; };
		6BA43A4E2889AECE00D1A4DD /* Injector.swift in Sources */ = {isa = PBXBuildFile; fileRef = 6BA43A4D2889AECE00D1A4DD /* Injector.swift */; };
		6BA43A502889AEDC00D1A4DD /* App.swift in Sources */ = {isa = PBXBuildFile; fileRef = 6BA43A4F2889AEDC00D1A4DD /* App.swift */; };
		6BA43A532889AFC700D1A4DD /* CarProvider.swift in Sources */ = {isa = PBXBuildFile; fileRef = 6BA43A522889AFC700D1A4DD /* CarProvider.swift */; };
		6BA43A562889B1D400D1A4DD /* AppModule.swift in Sources */ = {isa = PBXBuildFile; fileRef = 6BA43A552889B1D400D1A4DD /* AppModule.swift */; };
		6BA43A582889B23300D1A4DD /* MyTaxiCarProvider.swift in Sources */ = {isa = PBXBuildFile; fileRef = 6BA43A572889B23300D1A4DD /* MyTaxiCarProvider.swift */; };
		6BA43A5D2889C14500D1A4DD /* CarPresenter.swift in Sources */ = {isa = PBXBuildFile; fileRef = 6BA43A5C2889C14500D1A4DD /* CarPresenter.swift */; };
		6BA43A5F2889C22900D1A4DD /* MyTaxiCarPresenter.swift in Sources */ = {isa = PBXBuildFile; fileRef = 6BA43A5E2889C22900D1A4DD /* MyTaxiCarPresenter.swift */; };
		6BA43A612889C2EC00D1A4DD /* CarViewController.swift in Sources */ = {isa = PBXBuildFile; fileRef = 6BA43A602889C2EC00D1A4DD /* CarViewController.swift */; };
		6BA43A64288AEECB00D1A4DD /* Car.swift in Sources */ = {isa = PBXBuildFile; fileRef = 6BA43A63288AEECB00D1A4DD /* Car.swift */; };
		6BA43A66288AEF9400D1A4DD /* CarLocatorResult.swift in Sources */ = {isa = PBXBuildFile; fileRef = 6BA43A65288AEF9400D1A4DD /* CarLocatorResult.swift */; };
		6BA43A68288BCA4400D1A4DD /* API.swift in Sources */ = {isa = PBXBuildFile; fileRef = 6BA43A67288BCA4400D1A4DD /* API.swift */; };
		6BA43A6A288BCA7000D1A4DD /* MyTaxiAPI.swift in Sources */ = {isa = PBXBuildFile; fileRef = 6BA43A69288BCA7000D1A4DD /* MyTaxiAPI.swift */; };
		6BA43A6C288BCC9000D1A4DD /* URLQueryItem+Hamburg.swift in Sources */ = {isa = PBXBuildFile; fileRef = 6BA43A6B288BCC9000D1A4DD /* URLQueryItem+Hamburg.swift */; };
/* End PBXBuildFile section */

/* Begin PBXFileReference section */
		6BA43A2B2889A43200D1A4DD /* CarLocator.app */ = {isa = PBXFileReference; explicitFileType = wrapper.application; includeInIndex = 0; path = CarLocator.app; sourceTree = BUILT_PRODUCTS_DIR; };
		6BA43A2E2889A43200D1A4DD /* AppDelegate.swift */ = {isa = PBXFileReference; lastKnownFileType = sourcecode.swift; path = AppDelegate.swift; sourceTree = "<group>"; };
		6BA43A322889A43200D1A4DD /* CarListViewController.swift */ = {isa = PBXFileReference; lastKnownFileType = sourcecode.swift; path = CarListViewController.swift; sourceTree = "<group>"; };
		6BA43A352889A43200D1A4DD /* Base */ = {isa = PBXFileReference; lastKnownFileType = file.storyboard; name = Base; path = Base.lproj/CarListViewController.storyboard; sourceTree = "<group>"; };
		6BA43A372889A43400D1A4DD /* Assets.xcassets */ = {isa = PBXFileReference; lastKnownFileType = folder.assetcatalog; path = Assets.xcassets; sourceTree = "<group>"; };
		6BA43A3A2889A43400D1A4DD /* Base */ = {isa = PBXFileReference; lastKnownFileType = file.storyboard; name = Base; path = Base.lproj/LaunchScreen.storyboard; sourceTree = "<group>"; };
		6BA43A3C2889A43400D1A4DD /* Info.plist */ = {isa = PBXFileReference; lastKnownFileType = text.plist.xml; path = Info.plist; sourceTree = "<group>"; };
		6BA43A492889ABF200D1A4DD /* Constants.swift */ = {isa = PBXFileReference; lastKnownFileType = sourcecode.swift; path = Constants.swift; sourceTree = "<group>"; };
		6BA43A4D2889AECE00D1A4DD /* Injector.swift */ = {isa = PBXFileReference; lastKnownFileType = sourcecode.swift; path = Injector.swift; sourceTree = "<group>"; };
		6BA43A4F2889AEDC00D1A4DD /* App.swift */ = {isa = PBXFileReference; lastKnownFileType = sourcecode.swift; path = App.swift; sourceTree = "<group>"; };
		6BA43A522889AFC700D1A4DD /* CarProvider.swift */ = {isa = PBXFileReference; lastKnownFileType = sourcecode.swift; path = CarProvider.swift; sourceTree = "<group>"; };
		6BA43A552889B1D400D1A4DD /* AppModule.swift */ = {isa = PBXFileReference; lastKnownFileType = sourcecode.swift; path = AppModule.swift; sourceTree = "<group>"; };
		6BA43A572889B23300D1A4DD /* MyTaxiCarProvider.swift */ = {isa = PBXFileReference; lastKnownFileType = sourcecode.swift; path = MyTaxiCarProvider.swift; sourceTree = "<group>"; };
		6BA43A5C2889C14500D1A4DD /* CarPresenter.swift */ = {isa = PBXFileReference; lastKnownFileType = sourcecode.swift; path = CarPresenter.swift; sourceTree = "<group>"; };
		6BA43A5E2889C22900D1A4DD /* MyTaxiCarPresenter.swift */ = {isa = PBXFileReference; lastKnownFileType = sourcecode.swift; path = MyTaxiCarPresenter.swift; sourceTree = "<group>"; };
		6BA43A602889C2EC00D1A4DD /* CarViewController.swift */ = {isa = PBXFileReference; lastKnownFileType = sourcecode.swift; path = CarViewController.swift; sourceTree = "<group>"; };
		6BA43A63288AEECB00D1A4DD /* Car.swift */ = {isa = PBXFileReference; lastKnownFileType = sourcecode.swift; path = Car.swift; sourceTree = "<group>"; };
		6BA43A65288AEF9400D1A4DD /* CarLocatorResult.swift */ = {isa = PBXFileReference; lastKnownFileType = sourcecode.swift; path = CarLocatorResult.swift; sourceTree = "<group>"; };
		6BA43A67288BCA4400D1A4DD /* API.swift */ = {isa = PBXFileReference; lastKnownFileType = sourcecode.swift; path = API.swift; sourceTree = "<group>"; };
		6BA43A69288BCA7000D1A4DD /* MyTaxiAPI.swift */ = {isa = PBXFileReference; lastKnownFileType = sourcecode.swift; path = MyTaxiAPI.swift; sourceTree = "<group>"; };
		6BA43A6B288BCC9000D1A4DD /* URLQueryItem+Hamburg.swift */ = {isa = PBXFileReference; lastKnownFileType = sourcecode.swift; path = "URLQueryItem+Hamburg.swift"; sourceTree = "<group>"; };
/* End PBXFileReference section */

/* Begin PBXFrameworksBuildPhase section */
		6BA43A282889A43200D1A4DD /* Frameworks */ = {
			isa = PBXFrameworksBuildPhase;
			buildActionMask = 2147483647;
			files = (
			);
			runOnlyForDeploymentPostprocessing = 0;
		};
/* End PBXFrameworksBuildPhase section */

/* Begin PBXGroup section */
		6BA43A222889A43200D1A4DD = {
			isa = PBXGroup;
			children = (
				6BA43A2D2889A43200D1A4DD /* CarLocator */,
				6BA43A2C2889A43200D1A4DD /* Products */,
			);
			sourceTree = "<group>";
		};
		6BA43A2C2889A43200D1A4DD /* Products */ = {
			isa = PBXGroup;
			children = (
				6BA43A2B2889A43200D1A4DD /* CarLocator.app */,
			);
			name = Products;
			sourceTree = "<group>";
		};
		6BA43A2D2889A43200D1A4DD /* CarLocator */ = {
			isa = PBXGroup;
			children = (
				6BA43A62288AEE9100D1A4DD /* Domain */,
				6BA43A4C2889AEC500D1A4DD /* DI */,
				6BA43A422889A8E300D1A4DD /* Sections */,
				6BA43A4B2889ABFA00D1A4DD /* Support */,
				6BA43A2E2889A43200D1A4DD /* AppDelegate.swift */,
				6BA43A372889A43400D1A4DD /* Assets.xcassets */,
				6BA43A392889A43400D1A4DD /* LaunchScreen.storyboard */,
				6BA43A3C2889A43400D1A4DD /* Info.plist */,
			);
			path = CarLocator;
			sourceTree = "<group>";
		};
		6BA43A422889A8E300D1A4DD /* Sections */ = {
			isa = PBXGroup;
			children = (
				6BA43A432889A8EC00D1A4DD /* CarList */,
			);
			path = Sections;
			sourceTree = "<group>";
		};
		6BA43A432889A8EC00D1A4DD /* CarList */ = {
			isa = PBXGroup;
			children = (
				6BA43A442889A99800D1A4DD /* View */,
				6BA43A462889A9AA00D1A4DD /* Presenter */,
			);
			path = CarList;
			sourceTree = "<group>";
		};
		6BA43A442889A99800D1A4DD /* View */ = {
			isa = PBXGroup;
			children = (
				6BA43A322889A43200D1A4DD /* CarListViewController.swift */,
				6BA43A342889A43200D1A4DD /* CarListViewController.storyboard */,
			);
			path = View;
			sourceTree = "<group>";
		};
		6BA43A462889A9AA00D1A4DD /* Presenter */ = {
			isa = PBXGroup;
			children = (
			);
			path = Presenter;
			sourceTree = "<group>";
		};
		6BA43A4B2889ABFA00D1A4DD /* Support */ = {
			isa = PBXGroup;
			children = (
				6BA43A6D288BCC9400D1A4DD /* Extensions */,
				6BA43A492889ABF200D1A4DD /* Constants.swift */,
				6BA43A65288AEF9400D1A4DD /* CarLocatorResult.swift */,
			);
			path = Support;
			sourceTree = "<group>";
		};
		6BA43A4C2889AEC500D1A4DD /* DI */ = {
			isa = PBXGroup;
			children = (
				6BA43A542889B1C600D1A4DD /* Implementations */,
				6BA43A512889AFBA00D1A4DD /* Dependencies */,
				6BA43A4D2889AECE00D1A4DD /* Injector.swift */,
				6BA43A4F2889AEDC00D1A4DD /* App.swift */,
			);
			path = DI;
			sourceTree = "<group>";
		};
		6BA43A512889AFBA00D1A4DD /* Dependencies */ = {
			isa = PBXGroup;
			children = (
				6BA43A522889AFC700D1A4DD /* CarProvider.swift */,
				6BA43A5C2889C14500D1A4DD /* CarPresenter.swift */,
				6BA43A602889C2EC00D1A4DD /* CarViewController.swift */,
				6BA43A67288BCA4400D1A4DD /* API.swift */,
			);
			path = Dependencies;
			sourceTree = "<group>";
		};
		6BA43A542889B1C600D1A4DD /* Implementations */ = {
			isa = PBXGroup;
			children = (
				6BA43A552889B1D400D1A4DD /* AppModule.swift */,
				6BA43A572889B23300D1A4DD /* MyTaxiCarProvider.swift */,
				6BA43A5E2889C22900D1A4DD /* MyTaxiCarPresenter.swift */,
				6BA43A69288BCA7000D1A4DD /* MyTaxiAPI.swift */,
			);
			path = Implementations;
			sourceTree = "<group>";
		};
		6BA43A62288AEE9100D1A4DD /* Domain */ = {
			isa = PBXGroup;
			children = (
				6BA43A63288AEECB00D1A4DD /* Car.swift */,
			);
			path = Domain;
			sourceTree = "<group>";
		};
		6BA43A6D288BCC9400D1A4DD /* Extensions */ = {
			isa = PBXGroup;
			children = (
				6BA43A6B288BCC9000D1A4DD /* URLQueryItem+Hamburg.swift */,
			);
			path = Extensions;
			sourceTree = "<group>";
		};
/* End PBXGroup section */

/* Begin PBXNativeTarget section */
		6BA43A2A2889A43200D1A4DD /* CarLocator */ = {
			isa = PBXNativeTarget;
			buildConfigurationList = 6BA43A3F2889A43400D1A4DD /* Build configuration list for PBXNativeTarget "CarLocator" */;
			buildPhases = (
				6BA43A272889A43200D1A4DD /* Sources */,
				6BA43A282889A43200D1A4DD /* Frameworks */,
				6BA43A292889A43200D1A4DD /* Resources */,
			);
			buildRules = (
			);
			dependencies = (
			);
			name = CarLocator;
			productName = CarLocator;
			productReference = 6BA43A2B2889A43200D1A4DD /* CarLocator.app */;
			productType = "com.apple.product-type.application";
		};
/* End PBXNativeTarget section */

/* Begin PBXProject section */
		6BA43A232889A43200D1A4DD /* Project object */ = {
			isa = PBXProject;
			attributes = {
				BuildIndependentTargetsInParallel = 1;
				LastSwiftUpdateCheck = 1340;
				LastUpgradeCheck = 1340;
				TargetAttributes = {
					6BA43A2A2889A43200D1A4DD = {
						CreatedOnToolsVersion = 13.4.1;
					};
				};
			};
			buildConfigurationList = 6BA43A262889A43200D1A4DD /* Build configuration list for PBXProject "CarLocator" */;
			compatibilityVersion = "Xcode 13.0";
			developmentRegion = en;
			hasScannedForEncodings = 0;
			knownRegions = (
				en,
				Base,
			);
			mainGroup = 6BA43A222889A43200D1A4DD;
			productRefGroup = 6BA43A2C2889A43200D1A4DD /* Products */;
			projectDirPath = "";
			projectRoot = "";
			targets = (
				6BA43A2A2889A43200D1A4DD /* CarLocator */,
			);
		};
/* End PBXProject section */

/* Begin PBXResourcesBuildPhase section */
		6BA43A292889A43200D1A4DD /* Resources */ = {
			isa = PBXResourcesBuildPhase;
			buildActionMask = 2147483647;
			files = (
				6BA43A3B2889A43400D1A4DD /* LaunchScreen.storyboard in Resources */,
				6BA43A382889A43400D1A4DD /* Assets.xcassets in Resources */,
				6BA43A362889A43200D1A4DD /* CarListViewController.storyboard in Resources */,
			);
			runOnlyForDeploymentPostprocessing = 0;
		};
/* End PBXResourcesBuildPhase section */

/* Begin PBXSourcesBuildPhase section */
		6BA43A272889A43200D1A4DD /* Sources */ = {
			isa = PBXSourcesBuildPhase;
			buildActionMask = 2147483647;
			files = (
				6BA43A502889AEDC00D1A4DD /* App.swift in Sources */,
				6BA43A66288AEF9400D1A4DD /* CarLocatorResult.swift in Sources */,
				6BA43A5D2889C14500D1A4DD /* CarPresenter.swift in Sources */,
				6BA43A64288AEECB00D1A4DD /* Car.swift in Sources */,
				6BA43A562889B1D400D1A4DD /* AppModule.swift in Sources */,
				6BA43A4E2889AECE00D1A4DD /* Injector.swift in Sources */,
				6BA43A68288BCA4400D1A4DD /* API.swift in Sources */,
				6BA43A6A288BCA7000D1A4DD /* MyTaxiAPI.swift in Sources */,
				6BA43A612889C2EC00D1A4DD /* CarViewController.swift in Sources */,
				6BA43A532889AFC700D1A4DD /* CarProvider.swift in Sources */,
				6BA43A4A2889ABF200D1A4DD /* Constants.swift in Sources */,
				6BA43A332889A43200D1A4DD /* CarListViewController.swift in Sources */,
				6BA43A6C288BCC9000D1A4DD /* URLQueryItem+Hamburg.swift in Sources */,
				6BA43A5F2889C22900D1A4DD /* MyTaxiCarPresenter.swift in Sources */,
				6BA43A2F2889A43200D1A4DD /* AppDelegate.swift in Sources */,
				6BA43A582889B23300D1A4DD /* MyTaxiCarProvider.swift in Sources */,
			);
			runOnlyForDeploymentPostprocessing = 0;
		};
/* End PBXSourcesBuildPhase section */

/* Begin PBXVariantGroup section */
		6BA43A342889A43200D1A4DD /* CarListViewController.storyboard */ = {
			isa = PBXVariantGroup;
			children = (
				6BA43A352889A43200D1A4DD /* Base */,
			);
			name = CarListViewController.storyboard;
			sourceTree = "<group>";
		};
		6BA43A392889A43400D1A4DD /* LaunchScreen.storyboard */ = {
			isa = PBXVariantGroup;
			children = (
				6BA43A3A2889A43400D1A4DD /* Base */,
			);
			name = LaunchScreen.storyboard;
			sourceTree = "<group>";
		};
/* End PBXVariantGroup section */

/* Begin XCBuildConfiguration section */
		6BA43A3D2889A43400D1A4DD /* Debug */ = {
			isa = XCBuildConfiguration;
			buildSettings = {
				ALWAYS_SEARCH_USER_PATHS = NO;
				CLANG_ANALYZER_NONNULL = YES;
				CLANG_ANALYZER_NUMBER_OBJECT_CONVERSION = YES_AGGRESSIVE;
				CLANG_CXX_LANGUAGE_STANDARD = "gnu++17";
				CLANG_ENABLE_MODULES = YES;
				CLANG_ENABLE_OBJC_ARC = YES;
				CLANG_ENABLE_OBJC_WEAK = YES;
				CLANG_WARN_BLOCK_CAPTURE_AUTORELEASING = YES;
				CLANG_WARN_BOOL_CONVERSION = YES;
				CLANG_WARN_COMMA = YES;
				CLANG_WARN_CONSTANT_CONVERSION = YES;
				CLANG_WARN_DEPRECATED_OBJC_IMPLEMENTATIONS = YES;
				CLANG_WARN_DIRECT_OBJC_ISA_USAGE = YES_ERROR;
				CLANG_WARN_DOCUMENTATION_COMMENTS = YES;
				CLANG_WARN_EMPTY_BODY = YES;
				CLANG_WARN_ENUM_CONVERSION = YES;
				CLANG_WARN_INFINITE_RECURSION = YES;
				CLANG_WARN_INT_CONVERSION = YES;
				CLANG_WARN_NON_LITERAL_NULL_CONVERSION = YES;
				CLANG_WARN_OBJC_IMPLICIT_RETAIN_SELF = YES;
				CLANG_WARN_OBJC_LITERAL_CONVERSION = YES;
				CLANG_WARN_OBJC_ROOT_CLASS = YES_ERROR;
				CLANG_WARN_QUOTED_INCLUDE_IN_FRAMEWORK_HEADER = YES;
				CLANG_WARN_RANGE_LOOP_ANALYSIS = YES;
				CLANG_WARN_STRICT_PROTOTYPES = YES;
				CLANG_WARN_SUSPICIOUS_MOVE = YES;
				CLANG_WARN_UNGUARDED_AVAILABILITY = YES_AGGRESSIVE;
				CLANG_WARN_UNREACHABLE_CODE = YES;
				CLANG_WARN__DUPLICATE_METHOD_MATCH = YES;
				COPY_PHASE_STRIP = NO;
				DEBUG_INFORMATION_FORMAT = dwarf;
				ENABLE_STRICT_OBJC_MSGSEND = YES;
				ENABLE_TESTABILITY = YES;
				GCC_C_LANGUAGE_STANDARD = gnu11;
				GCC_DYNAMIC_NO_PIC = NO;
				GCC_NO_COMMON_BLOCKS = YES;
				GCC_OPTIMIZATION_LEVEL = 0;
				GCC_PREPROCESSOR_DEFINITIONS = (
					"DEBUG=1",
					"$(inherited)",
				);
				GCC_WARN_64_TO_32_BIT_CONVERSION = YES;
				GCC_WARN_ABOUT_RETURN_TYPE = YES_ERROR;
				GCC_WARN_UNDECLARED_SELECTOR = YES;
				GCC_WARN_UNINITIALIZED_AUTOS = YES_AGGRESSIVE;
				GCC_WARN_UNUSED_FUNCTION = YES;
				GCC_WARN_UNUSED_VARIABLE = YES;
				IPHONEOS_DEPLOYMENT_TARGET = 15.5;
				MTL_ENABLE_DEBUG_INFO = INCLUDE_SOURCE;
				MTL_FAST_MATH = YES;
				ONLY_ACTIVE_ARCH = YES;
				SDKROOT = iphoneos;
				SWIFT_ACTIVE_COMPILATION_CONDITIONS = DEBUG;
				SWIFT_OPTIMIZATION_LEVEL = "-Onone";
			};
			name = Debug;
		};
		6BA43A3E2889A43400D1A4DD /* Release */ = {
			isa = XCBuildConfiguration;
			buildSettings = {
				ALWAYS_SEARCH_USER_PATHS = NO;
				CLANG_ANALYZER_NONNULL = YES;
				CLANG_ANALYZER_NUMBER_OBJECT_CONVERSION = YES_AGGRESSIVE;
				CLANG_CXX_LANGUAGE_STANDARD = "gnu++17";
				CLANG_ENABLE_MODULES = YES;
				CLANG_ENABLE_OBJC_ARC = YES;
				CLANG_ENABLE_OBJC_WEAK = YES;
				CLANG_WARN_BLOCK_CAPTURE_AUTORELEASING = YES;
				CLANG_WARN_BOOL_CONVERSION = YES;
				CLANG_WARN_COMMA = YES;
				CLANG_WARN_CONSTANT_CONVERSION = YES;
				CLANG_WARN_DEPRECATED_OBJC_IMPLEMENTATIONS = YES;
				CLANG_WARN_DIRECT_OBJC_ISA_USAGE = YES_ERROR;
				CLANG_WARN_DOCUMENTATION_COMMENTS = YES;
				CLANG_WARN_EMPTY_BODY = YES;
				CLANG_WARN_ENUM_CONVERSION = YES;
				CLANG_WARN_INFINITE_RECURSION = YES;
				CLANG_WARN_INT_CONVERSION = YES;
				CLANG_WARN_NON_LITERAL_NULL_CONVERSION = YES;
				CLANG_WARN_OBJC_IMPLICIT_RETAIN_SELF = YES;
				CLANG_WARN_OBJC_LITERAL_CONVERSION = YES;
				CLANG_WARN_OBJC_ROOT_CLASS = YES_ERROR;
				CLANG_WARN_QUOTED_INCLUDE_IN_FRAMEWORK_HEADER = YES;
				CLANG_WARN_RANGE_LOOP_ANALYSIS = YES;
				CLANG_WARN_STRICT_PROTOTYPES = YES;
				CLANG_WARN_SUSPICIOUS_MOVE = YES;
				CLANG_WARN_UNGUARDED_AVAILABILITY = YES_AGGRESSIVE;
				CLANG_WARN_UNREACHABLE_CODE = YES;
				CLANG_WARN__DUPLICATE_METHOD_MATCH = YES;
				COPY_PHASE_STRIP = NO;
				DEBUG_INFORMATION_FORMAT = "dwarf-with-dsym";
				ENABLE_NS_ASSERTIONS = NO;
				ENABLE_STRICT_OBJC_MSGSEND = YES;
				GCC_C_LANGUAGE_STANDARD = gnu11;
				GCC_NO_COMMON_BLOCKS = YES;
				GCC_WARN_64_TO_32_BIT_CONVERSION = YES;
				GCC_WARN_ABOUT_RETURN_TYPE = YES_ERROR;
				GCC_WARN_UNDECLARED_SELECTOR = YES;
				GCC_WARN_UNINITIALIZED_AUTOS = YES_AGGRESSIVE;
				GCC_WARN_UNUSED_FUNCTION = YES;
				GCC_WARN_UNUSED_VARIABLE = YES;
				IPHONEOS_DEPLOYMENT_TARGET = 15.5;
				MTL_ENABLE_DEBUG_INFO = NO;
				MTL_FAST_MATH = YES;
				SDKROOT = iphoneos;
				SWIFT_COMPILATION_MODE = wholemodule;
				SWIFT_OPTIMIZATION_LEVEL = "-O";
				VALIDATE_PRODUCT = YES;
			};
			name = Release;
		};
		6BA43A402889A43400D1A4DD /* Debug */ = {
			isa = XCBuildConfiguration;
			buildSettings = {
				ASSETCATALOG_COMPILER_APPICON_NAME = AppIcon;
				ASSETCATALOG_COMPILER_GLOBAL_ACCENT_COLOR_NAME = AccentColor;
				CODE_SIGN_STYLE = Automatic;
				CURRENT_PROJECT_VERSION = 1;
				GENERATE_INFOPLIST_FILE = YES;
				INFOPLIST_FILE = CarLocator/Info.plist;
				INFOPLIST_KEY_UIApplicationSupportsIndirectInputEvents = YES;
				INFOPLIST_KEY_UILaunchStoryboardName = LaunchScreen;
				INFOPLIST_KEY_UIMainStoryboardFile = CarListViewController;
				INFOPLIST_KEY_UISupportedInterfaceOrientations_iPad = "UIInterfaceOrientationPortrait UIInterfaceOrientationPortraitUpsideDown UIInterfaceOrientationLandscapeLeft UIInterfaceOrientationLandscapeRight";
				INFOPLIST_KEY_UISupportedInterfaceOrientations_iPhone = "UIInterfaceOrientationPortrait UIInterfaceOrientationLandscapeLeft UIInterfaceOrientationLandscapeRight";
				LD_RUNPATH_SEARCH_PATHS = (
					"$(inherited)",
					"@executable_path/Frameworks",
				);
				MARKETING_VERSION = 1.0;
				PRODUCT_BUNDLE_IDENTIFIER = garciaroucomarcos.CarLocator;
				PRODUCT_NAME = "$(TARGET_NAME)";
				SWIFT_EMIT_LOC_STRINGS = YES;
				SWIFT_VERSION = 5.0;
				TARGETED_DEVICE_FAMILY = "1,2";
			};
			name = Debug;
		};
		6BA43A412889A43400D1A4DD /* Release */ = {
			isa = XCBuildConfiguration;
			buildSettings = {
				ASSETCATALOG_COMPILER_APPICON_NAME = AppIcon;
				ASSETCATALOG_COMPILER_GLOBAL_ACCENT_COLOR_NAME = AccentColor;
				CODE_SIGN_STYLE = Automatic;
				CURRENT_PROJECT_VERSION = 1;
				GENERATE_INFOPLIST_FILE = YES;
				INFOPLIST_FILE = CarLocator/Info.plist;
				INFOPLIST_KEY_UIApplicationSupportsIndirectInputEvents = YES;
				INFOPLIST_KEY_UILaunchStoryboardName = LaunchScreen;
				INFOPLIST_KEY_UIMainStoryboardFile = CarListViewController;
				INFOPLIST_KEY_UISupportedInterfaceOrientations_iPad = "UIInterfaceOrientationPortrait UIInterfaceOrientationPortraitUpsideDown UIInterfaceOrientationLandscapeLeft UIInterfaceOrientationLandscapeRight";
				INFOPLIST_KEY_UISupportedInterfaceOrientations_iPhone = "UIInterfaceOrientationPortrait UIInterfaceOrientationLandscapeLeft UIInterfaceOrientationLandscapeRight";
				LD_RUNPATH_SEARCH_PATHS = (
					"$(inherited)",
					"@executable_path/Frameworks",
				);
				MARKETING_VERSION = 1.0;
				PRODUCT_BUNDLE_IDENTIFIER = garciaroucomarcos.CarLocator;
				PRODUCT_NAME = "$(TARGET_NAME)";
				SWIFT_EMIT_LOC_STRINGS = YES;
				SWIFT_VERSION = 5.0;
				TARGETED_DEVICE_FAMILY = "1,2";
			};
			name = Release;
		};
/* End XCBuildConfiguration section */

/* Begin XCConfigurationList section */
		6BA43A262889A43200D1A4DD /* Build configuration list for PBXProject "CarLocator" */ = {
			isa = XCConfigurationList;
			buildConfigurations = (
				6BA43A3D2889A43400D1A4DD /* Debug */,
				6BA43A3E2889A43400D1A4DD /* Release */,
			);
			defaultConfigurationIsVisible = 0;
			defaultConfigurationName = Release;
		};
		6BA43A3F2889A43400D1A4DD /* Build configuration list for PBXNativeTarget "CarLocator" */ = {
			isa = XCConfigurationList;
			buildConfigurations = (
				6BA43A402889A43400D1A4DD /* Debug */,
				6BA43A412889A43400D1A4DD /* Release */,
			);
			defaultConfigurationIsVisible = 0;
			defaultConfigurationName = Release;
		};
/* End XCConfigurationList section */
	};
	rootObject = 6BA43A232889A43200D1A4DD /* Project object */;
}
